
Microsoft Visual Studio Solution File, Format Version 12.00
# Visual Studio Version 16
VisualStudioVersion = 16.0.28822.285
MinimumVisualStudioVersion = 10.0.40219.1
Project("{9A19103F-16F7-4668-BE54-9A1E7A4F7556}") = "OnlineCamera.Test", "OnlineCamera.Test\OnlineCamera.Test.csproj", "{177527C0-1B3C-4F20-BD3A-4565AD3F8D0E}"
EndProject
Project("{9A19103F-16F7-4668-BE54-9A1E7A4F7556}") = "OnlineCamera.Api", "OnlineCamera.Api\OnlineCamera.Api.csproj", "{E4AA6587-3D7C-4FF8-B70A-6EF8C55A7A88}"
EndProject
Project("{FAE04EC0-301F-11D3-BF4B-00C04F79EFBC}") = "OnlineCamera.Core", "OnlineCamera.Core\OnlineCamera.Core.csproj", "{253A1106-99A5-4792-8E0F-9F57A4A3EBA7}"
EndProject
Global
	GlobalSection(SolutionConfigurationPlatforms) = preSolution
		Debug|Any CPU = Debug|Any CPU
		Release|Any CPU = Release|Any CPU
	EndGlobalSection
	GlobalSection(ProjectConfigurationPlatforms) = postSolution
		{177527C0-1B3C-4F20-BD3A-4565AD3F8D0E}.Debug|Any CPU.ActiveCfg = Debug|Any CPU
		{177527C0-1B3C-4F20-BD3A-4565AD3F8D0E}.Debug|Any CPU.Build.0 = Debug|Any CPU
		{177527C0-1B3C-4F20-BD3A-4565AD3F8D0E}.Release|Any CPU.ActiveCfg = Release|Any CPU
		{177527C0-1B3C-4F20-BD3A-4565AD3F8D0E}.Release|Any CPU.Build.0 = Release|Any CPU
		{E4AA6587-3D7C-4FF8-B70A-6EF8C55A7A88}.Debug|Any CPU.ActiveCfg = Debug|Any CPU
		{E4AA6587-3D7C-4FF8-B70A-6EF8C55A7A88}.Debug|Any CPU.Build.0 = Debug|Any CPU
		{E4AA6587-3D7C-4FF8-B70A-6EF8C55A7A88}.Release|Any CPU.ActiveCfg = Release|Any CPU
		{E4AA6587-3D7C-4FF8-B70A-6EF8C55A7A88}.Release|Any CPU.Build.0 = Release|Any CPU
		{253A1106-99A5-4792-8E0F-9F57A4A3EBA7}.Debug|Any CPU.ActiveCfg = Debug|Any CPU
		{253A1106-99A5-4792-8E0F-9F57A4A3EBA7}.Debug|Any CPU.Build.0 = Debug|Any CPU
		{253A1106-99A5-4792-8E0F-9F57A4A3EBA7}.Release|Any CPU.ActiveCfg = Release|Any CPU
		{253A1106-99A5-4792-8E0F-9F57A4A3EBA7}.Release|Any CPU.Build.0 = Release|Any CPU
	EndGlobalSection
	GlobalSection(SolutionProperties) = preSolution
		HideSolutionNode = FALSE
	EndGlobalSection
	GlobalSection(ExtensibilityGlobals) = postSolution
		SolutionGuid = {AC86E079-B1AF-4AD0-877B-5C1F10BC12E3}
	EndGlobalSection
EndGlobal
